
Microsoft Visual Studio Solution File, Format Version 12.00
# Visual Studio Version 17
VisualStudioVersion = 17.2.32602.215
MinimumVisualStudioVersion = 10.0.40219.1
Project("{9A19103F-16F7-4668-BE54-9A1E7A4F7556}") = "CsvToTxt", "CsvColumnsExtractorToTxt\CsvToTxt.csproj", "{D285A3F0-FE20-4BAF-B749-F8CBF044443E}"
EndProject
Global
	GlobalSection(SolutionConfigurationPlatforms) = preSolution
		Debug|Any CPU = Debug|Any CPU
		Release|Any CPU = Release|Any CPU
	EndGlobalSection
	GlobalSection(ProjectConfigurationPlatforms) = postSolution
		{D285A3F0-FE20-4BAF-B749-F8CBF044443E}.Debug|Any CPU.ActiveCfg = Debug|Any CPU
		{D285A3F0-FE20-4BAF-B749-F8CBF044443E}.Debug|Any CPU.Build.0 = Debug|Any CPU
		{D285A3F0-FE20-4BAF-B749-F8CBF044443E}.Release|Any CPU.ActiveCfg = Release|Any CPU
		{D285A3F0-FE20-4BAF-B749-F8CBF044443E}.Release|Any CPU.Build.0 = Release|Any CPU
	EndGlobalSection
	GlobalSection(SolutionProperties) = preSolution
		HideSolutionNode = FALSE
	EndGlobalSection
	GlobalSection(ExtensibilityGlobals) = postSolution
		SolutionGuid = {111A8734-AFAF-4ADD-AC62-19AA7B1E7824}
	EndGlobalSection
EndGlobal
